
Microsoft Visual Studio Solution File, Format Version 12.00
Project("{FAE04EC0-301F-11D3-BF4B-00C04F79EFBC}") = "A", "A\A.csproj", "{B06D2CCD-43B1-478B-831D-21E044CDAB92}"
EndProject
Project("{FAE04EC0-301F-11D3-BF4B-00C04F79EFBC}") = "B", "B\B.csproj", "{3E8647D0-B46F-48A9-A855-B89D910DDEAE}"
EndProject
Project("{FAE04EC0-301F-11D3-BF4B-00C04F79EFBC}") = "C", "C\C.csproj", "{12463D9F-9CA5-4468-B340-6F0669353480}"
EndProject
Project("{FAE04EC0-301F-11D3-BF4B-00C04F79EFBC}") = "D", "D\D.csproj", "{91985BAF-08D7-4276-A732-89FC6505B87E}"
EndProject
Project("{FAE04EC0-301F-11D3-BF4B-00C04F79EFBC}") = "E", "E\E.csproj", "{08A8587B-039B-41D2-AF23-010A03C43C3D}"
EndProject
Project("{FAE04EC0-301F-11D3-BF4B-00C04F79EFBC}") = "F", "F\F.csproj", "{AB0E866D-6291-4F43-94F5-51F83418B429}"
EndProject
Project("{FAE04EC0-301F-11D3-BF4B-00C04F79EFBC}") = "G", "G\G.csproj", "{D5D5AFCF-BBA5-45BB-A9DC-296364685853}"
EndProject
Project("{FAE04EC0-301F-11D3-BF4B-00C04F79EFBC}") = "H", "H\H.csproj", "{F89610B6-B9BA-472F-AEE2-30724D5B5FCB}"
EndProject
Project("{FAE04EC0-301F-11D3-BF4B-00C04F79EFBC}") = "I", "I\I.csproj", "{4D64A1AC-7E77-46B7-AD07-C333273B1E25}"
EndProject
Project("{FAE04EC0-301F-11D3-BF4B-00C04F79EFBC}") = "J", "J\J.csproj", "{A45D1406-E97B-4850-AB46-C1651A47D309}"
EndProject
Project("{FAE04EC0-301F-11D3-BF4B-00C04F79EFBC}") = "K", "K\K.csproj", "{F2CC291C-67E7-4B23-A931-AB865DEB1A0F}"
EndProject
Project("{FAE04EC0-301F-11D3-BF4B-00C04F79EFBC}") = "L", "L\L.csproj", "{AB040982-77E3-42B8-A274-0641B090D401}"
EndProject
Project("{FAE04EC0-301F-11D3-BF4B-00C04F79EFBC}") = "M", "M\M.csproj", "{D8397AF3-E4E3-4294-9381-BB938A0C7B0A}"
EndProject
Project("{FAE04EC0-301F-11D3-BF4B-00C04F79EFBC}") = "N", "N\N.csproj", "{01F14C9D-C49E-4AFD-95D7-B08E62B67D00}"
EndProject
Project("{FAE04EC0-301F-11D3-BF4B-00C04F79EFBC}") = "O", "O\O.csproj", "{446DE2E1-9588-432A-A8A5-15049F286030}"
EndProject
Global
	GlobalSection(SolutionConfigurationPlatforms) = preSolution
		Debug|Any CPU = Debug|Any CPU
		Release|Any CPU = Release|Any CPU
	EndGlobalSection
	GlobalSection(ProjectConfigurationPlatforms) = postSolution
		{B06D2CCD-43B1-478B-831D-21E044CDAB92}.Debug|Any CPU.ActiveCfg = Debug|Any CPU
		{B06D2CCD-43B1-478B-831D-21E044CDAB92}.Debug|Any CPU.Build.0 = Debug|Any CPU
		{B06D2CCD-43B1-478B-831D-21E044CDAB92}.Release|Any CPU.ActiveCfg = Release|Any CPU
		{B06D2CCD-43B1-478B-831D-21E044CDAB92}.Release|Any CPU.Build.0 = Release|Any CPU
		{3E8647D0-B46F-48A9-A855-B89D910DDEAE}.Debug|Any CPU.ActiveCfg = Debug|Any CPU
		{3E8647D0-B46F-48A9-A855-B89D910DDEAE}.Debug|Any CPU.Build.0 = Debug|Any CPU
		{3E8647D0-B46F-48A9-A855-B89D910DDEAE}.Release|Any CPU.ActiveCfg = Release|Any CPU
		{3E8647D0-B46F-48A9-A855-B89D910DDEAE}.Release|Any CPU.Build.0 = Release|Any CPU
		{12463D9F-9CA5-4468-B340-6F0669353480}.Debug|Any CPU.ActiveCfg = Debug|Any CPU
		{12463D9F-9CA5-4468-B340-6F0669353480}.Debug|Any CPU.Build.0 = Debug|Any CPU
		{12463D9F-9CA5-4468-B340-6F0669353480}.Release|Any CPU.ActiveCfg = Release|Any CPU
		{12463D9F-9CA5-4468-B340-6F0669353480}.Release|Any CPU.Build.0 = Release|Any CPU
		{91985BAF-08D7-4276-A732-89FC6505B87E}.Debug|Any CPU.ActiveCfg = Debug|Any CPU
		{91985BAF-08D7-4276-A732-89FC6505B87E}.Debug|Any CPU.Build.0 = Debug|Any CPU
		{91985BAF-08D7-4276-A732-89FC6505B87E}.Release|Any CPU.ActiveCfg = Release|Any CPU
		{91985BAF-08D7-4276-A732-89FC6505B87E}.Release|Any CPU.Build.0 = Release|Any CPU
		{08A8587B-039B-41D2-AF23-010A03C43C3D}.Debug|Any CPU.ActiveCfg = Debug|Any CPU
		{08A8587B-039B-41D2-AF23-010A03C43C3D}.Debug|Any CPU.Build.0 = Debug|Any CPU
		{08A8587B-039B-41D2-AF23-010A03C43C3D}.Release|Any CPU.ActiveCfg = Release|Any CPU
		{08A8587B-039B-41D2-AF23-010A03C43C3D}.Release|Any CPU.Build.0 = Release|Any CPU
		{AB0E866D-6291-4F43-94F5-51F83418B429}.Debug|Any CPU.ActiveCfg = Debug|Any CPU
		{AB0E866D-6291-4F43-94F5-51F83418B429}.Debug|Any CPU.Build.0 = Debug|Any CPU
		{AB0E866D-6291-4F43-94F5-51F83418B429}.Release|Any CPU.ActiveCfg = Release|Any CPU
		{AB0E866D-6291-4F43-94F5-51F83418B429}.Release|Any CPU.Build.0 = Release|Any CPU
		{D5D5AFCF-BBA5-45BB-A9DC-296364685853}.Debug|Any CPU.ActiveCfg = Debug|Any CPU
		{D5D5AFCF-BBA5-45BB-A9DC-296364685853}.Debug|Any CPU.Build.0 = Debug|Any CPU
		{D5D5AFCF-BBA5-45BB-A9DC-296364685853}.Release|Any CPU.ActiveCfg = Release|Any CPU
		{D5D5AFCF-BBA5-45BB-A9DC-296364685853}.Release|Any CPU.Build.0 = Release|Any CPU
		{F89610B6-B9BA-472F-AEE2-30724D5B5FCB}.Debug|Any CPU.ActiveCfg = Debug|Any CPU
		{F89610B6-B9BA-472F-AEE2-30724D5B5FCB}.Debug|Any CPU.Build.0 = Debug|Any CPU
		{F89610B6-B9BA-472F-AEE2-30724D5B5FCB}.Release|Any CPU.ActiveCfg = Release|Any CPU
		{F89610B6-B9BA-472F-AEE2-30724D5B5FCB}.Release|Any CPU.Build.0 = Release|Any CPU
		{4D64A1AC-7E77-46B7-AD07-C333273B1E25}.Debug|Any CPU.ActiveCfg = Debug|Any CPU
		{4D64A1AC-7E77-46B7-AD07-C333273B1E25}.Debug|Any CPU.Build.0 = Debug|Any CPU
		{4D64A1AC-7E77-46B7-AD07-C333273B1E25}.Release|Any CPU.ActiveCfg = Release|Any CPU
		{4D64A1AC-7E77-46B7-AD07-C333273B1E25}.Release|Any CPU.Build.0 = Release|Any CPU
		{A45D1406-E97B-4850-AB46-C1651A47D309}.Debug|Any CPU.ActiveCfg = Debug|Any CPU
		{A45D1406-E97B-4850-AB46-C1651A47D309}.Debug|Any CPU.Build.0 = Debug|Any CPU
		{A45D1406-E97B-4850-AB46-C1651A47D309}.Release|Any CPU.ActiveCfg = Release|Any CPU
		{A45D1406-E97B-4850-AB46-C1651A47D309}.Release|Any CPU.Build.0 = Release|Any CPU
		{F2CC291C-67E7-4B23-A931-AB865DEB1A0F}.Debug|Any CPU.ActiveCfg = Debug|Any CPU
		{F2CC291C-67E7-4B23-A931-AB865DEB1A0F}.Debug|Any CPU.Build.0 = Debug|Any CPU
		{F2CC291C-67E7-4B23-A931-AB865DEB1A0F}.Release|Any CPU.ActiveCfg = Release|Any CPU
		{F2CC291C-67E7-4B23-A931-AB865DEB1A0F}.Release|Any CPU.Build.0 = Release|Any CPU
		{AB040982-77E3-42B8-A274-0641B090D401}.Debug|Any CPU.ActiveCfg = Debug|Any CPU
		{AB040982-77E3-42B8-A274-0641B090D401}.Debug|Any CPU.Build.0 = Debug|Any CPU
		{AB040982-77E3-42B8-A274-0641B090D401}.Release|Any CPU.ActiveCfg = Release|Any CPU
		{AB040982-77E3-42B8-A274-0641B090D401}.Release|Any CPU.Build.0 = Release|Any CPU
		{D8397AF3-E4E3-4294-9381-BB938A0C7B0A}.Debug|Any CPU.ActiveCfg = Debug|Any CPU
		{D8397AF3-E4E3-4294-9381-BB938A0C7B0A}.Debug|Any CPU.Build.0 = Debug|Any CPU
		{D8397AF3-E4E3-4294-9381-BB938A0C7B0A}.Release|Any CPU.ActiveCfg = Release|Any CPU
		{D8397AF3-E4E3-4294-9381-BB938A0C7B0A}.Release|Any CPU.Build.0 = Release|Any CPU
		{01F14C9D-C49E-4AFD-95D7-B08E62B67D00}.Debug|Any CPU.ActiveCfg = Debug|Any CPU
		{01F14C9D-C49E-4AFD-95D7-B08E62B67D00}.Debug|Any CPU.Build.0 = Debug|Any CPU
		{01F14C9D-C49E-4AFD-95D7-B08E62B67D00}.Release|Any CPU.ActiveCfg = Release|Any CPU
		{01F14C9D-C49E-4AFD-95D7-B08E62B67D00}.Release|Any CPU.Build.0 = Release|Any CPU
		{446DE2E1-9588-432A-A8A5-15049F286030}.Debug|Any CPU.ActiveCfg = Debug|Any CPU
		{446DE2E1-9588-432A-A8A5-15049F286030}.Debug|Any CPU.Build.0 = Debug|Any CPU
		{446DE2E1-9588-432A-A8A5-15049F286030}.Release|Any CPU.ActiveCfg = Release|Any CPU
		{446DE2E1-9588-432A-A8A5-15049F286030}.Release|Any CPU.Build.0 = Release|Any CPU
	EndGlobalSection
EndGlobal
