
Microsoft Visual Studio Solution File, Format Version 12.00
Project("{FAE04EC0-301F-11D3-BF4B-00C04F79EFBC}") = "A", "A\A.csproj", "{B06D2CCD-43B1-478B-831D-21E044CDAB92}"
EndProject
Project("{FAE04EC0-301F-11D3-BF4B-00C04F79EFBC}") = "B", "B\B.csproj", "{3E8647D0-B46F-48A9-A855-B89D910DDEAE}"
EndProject
Project("{FAE04EC0-301F-11D3-BF4B-00C04F79EFBC}") = "C", "C\C.csproj", "{12463D9F-9CA5-4468-B340-6F0669353480}"
EndProject
Project("{FAE04EC0-301F-11D3-BF4B-00C04F79EFBC}") = "D", "D\D.csproj", "{91985BAF-08D7-4276-A732-89FC6505B87E}"
EndProject
Project("{FAE04EC0-301F-11D3-BF4B-00C04F79EFBC}") = "E", "E\E.csproj", "{08A8587B-039B-41D2-AF23-010A03C43C3D}"
EndProject
Project("{FAE04EC0-301F-11D3-BF4B-00C04F79EFBC}") = "F", "F\F.csproj", "{AB0E866D-6291-4F43-94F5-51F83418B429}"
EndProject
Project("{FAE04EC0-301F-11D3-BF4B-00C04F79EFBC}") = "G", "G\G.csproj", "{D5D5AFCF-BBA5-45BB-A9DC-296364685853}"
EndProject
Project("{FAE04EC0-301F-11D3-BF4B-00C04F79EFBC}") = "H", "H\H.csproj", "{F89610B6-B9BA-472F-AEE2-30724D5B5FCB}"
EndProject
Global
	GlobalSection(SolutionConfigurationPlatforms) = preSolution
		Debug|Any CPU = Debug|Any CPU
		Release|Any CPU = Release|Any CPU
	EndGlobalSection
	GlobalSection(ProjectConfigurationPlatforms) = postSolution
		{B06D2CCD-43B1-478B-831D-21E044CDAB92}.Debug|Any CPU.ActiveCfg = Debug|Any CPU
		{B06D2CCD-43B1-478B-831D-21E044CDAB92}.Debug|Any CPU.Build.0 = Debug|Any CPU
		{B06D2CCD-43B1-478B-831D-21E044CDAB92}.Release|Any CPU.ActiveCfg = Release|Any CPU
		{B06D2CCD-43B1-478B-831D-21E044CDAB92}.Release|Any CPU.Build.0 = Release|Any CPU
		{3E8647D0-B46F-48A9-A855-B89D910DDEAE}.Debug|Any CPU.ActiveCfg = Debug|Any CPU
		{3E8647D0-B46F-48A9-A855-B89D910DDEAE}.Debug|Any CPU.Build.0 = Debug|Any CPU
		{3E8647D0-B46F-48A9-A855-B89D910DDEAE}.Release|Any CPU.ActiveCfg = Release|Any CPU
		{3E8647D0-B46F-48A9-A855-B89D910DDEAE}.Release|Any CPU.Build.0 = Release|Any CPU
		{12463D9F-9CA5-4468-B340-6F0669353480}.Debug|Any CPU.ActiveCfg = Debug|Any CPU
		{12463D9F-9CA5-4468-B340-6F0669353480}.Debug|Any CPU.Build.0 = Debug|Any CPU
		{12463D9F-9CA5-4468-B340-6F0669353480}.Release|Any CPU.ActiveCfg = Release|Any CPU
		{12463D9F-9CA5-4468-B340-6F0669353480}.Release|Any CPU.Build.0 = Release|Any CPU
		{91985BAF-08D7-4276-A732-89FC6505B87E}.Debug|Any CPU.ActiveCfg = Debug|Any CPU
		{91985BAF-08D7-4276-A732-89FC6505B87E}.Debug|Any CPU.Build.0 = Debug|Any CPU
		{91985BAF-08D7-4276-A732-89FC6505B87E}.Release|Any CPU.ActiveCfg = Release|Any CPU
		{91985BAF-08D7-4276-A732-89FC6505B87E}.Release|Any CPU.Build.0 = Release|Any CPU
		{08A8587B-039B-41D2-AF23-010A03C43C3D}.Debug|Any CPU.ActiveCfg = Debug|Any CPU
		{08A8587B-039B-41D2-AF23-010A03C43C3D}.Debug|Any CPU.Build.0 = Debug|Any CPU
		{08A8587B-039B-41D2-AF23-010A03C43C3D}.Release|Any CPU.ActiveCfg = Release|Any CPU
		{08A8587B-039B-41D2-AF23-010A03C43C3D}.Release|Any CPU.Build.0 = Release|Any CPU
		{AB0E866D-6291-4F43-94F5-51F83418B429}.Debug|Any CPU.ActiveCfg = Debug|Any CPU
		{AB0E866D-6291-4F43-94F5-51F83418B429}.Debug|Any CPU.Build.0 = Debug|Any CPU
		{AB0E866D-6291-4F43-94F5-51F83418B429}.Release|Any CPU.ActiveCfg = Release|Any CPU
		{AB0E866D-6291-4F43-94F5-51F83418B429}.Release|Any CPU.Build.0 = Release|Any CPU
		{D5D5AFCF-BBA5-45BB-A9DC-296364685853}.Debug|Any CPU.ActiveCfg = Debug|Any CPU
		{D5D5AFCF-BBA5-45BB-A9DC-296364685853}.Debug|Any CPU.Build.0 = Debug|Any CPU
		{D5D5AFCF-BBA5-45BB-A9DC-296364685853}.Release|Any CPU.ActiveCfg = Release|Any CPU
		{D5D5AFCF-BBA5-45BB-A9DC-296364685853}.Release|Any CPU.Build.0 = Release|Any CPU
		{F89610B6-B9BA-472F-AEE2-30724D5B5FCB}.Debug|Any CPU.ActiveCfg = Debug|Any CPU
		{F89610B6-B9BA-472F-AEE2-30724D5B5FCB}.Debug|Any CPU.Build.0 = Debug|Any CPU
		{F89610B6-B9BA-472F-AEE2-30724D5B5FCB}.Release|Any CPU.ActiveCfg = Release|Any CPU
		{F89610B6-B9BA-472F-AEE2-30724D5B5FCB}.Release|Any CPU.Build.0 = Release|Any CPU
	EndGlobalSection
EndGlobal
